
Microsoft Visual Studio Solution File, Format Version 12.00
# Visual Studio Version 16
VisualStudioVersion = 16.0.30204.135
MinimumVisualStudioVersion = 10.0.40219.1
Project("{FAE04EC0-301F-11D3-BF4B-00C04F79EFBC}") = "FoDicomSample", "FoDicomSample\FoDicomSample.csproj", "{39DAAC14-39B5-4EBE-9D68-018155BF17BD}"
EndProject
Global
	GlobalSection(SolutionConfigurationPlatforms) = preSolution
		Debug|Any CPU = Debug|Any CPU
		Release|Any CPU = Release|Any CPU
	EndGlobalSection
	GlobalSection(ProjectConfigurationPlatforms) = postSolution
		{39DAAC14-39B5-4EBE-9D68-018155BF17BD}.Debug|Any CPU.ActiveCfg = Debug|Any CPU
		{39DAAC14-39B5-4EBE-9D68-018155BF17BD}.Debug|Any CPU.Build.0 = Debug|Any CPU
		{39DAAC14-39B5-4EBE-9D68-018155BF17BD}.Release|Any CPU.ActiveCfg = Release|Any CPU
		{39DAAC14-39B5-4EBE-9D68-018155BF17BD}.Release|Any CPU.Build.0 = Release|Any CPU
	EndGlobalSection
	GlobalSection(SolutionProperties) = preSolution
		HideSolutionNode = FALSE
	EndGlobalSection
	GlobalSection(ExtensibilityGlobals) = postSolution
		SolutionGuid = {8432B985-1690-4C3F-8C59-DA67C14A3BA6}
	EndGlobalSection
EndGlobal
